
Microsoft Visual Studio Solution File, Format Version 12.00
# Visual Studio Version 17
VisualStudioVersion = 17.9.34607.119
MinimumVisualStudioVersion = 10.0.40219.1
Project("{FAE04EC0-301F-11D3-BF4B-00C04F79EFBC}") = "TestThemes", "TestThemes\TestThemes.csproj", "{CFA3E325-A3FC-4A7F-AD89-7EBFCC52A720}"
EndProject
Global
	GlobalSection(SolutionConfigurationPlatforms) = preSolution
		Debug|Any CPU = Debug|Any CPU
		Release|Any CPU = Release|Any CPU
	EndGlobalSection
	GlobalSection(ProjectConfigurationPlatforms) = postSolution
		{CFA3E325-A3FC-4A7F-AD89-7EBFCC52A720}.Debug|Any CPU.ActiveCfg = Debug|Any CPU
		{CFA3E325-A3FC-4A7F-AD89-7EBFCC52A720}.Debug|Any CPU.Build.0 = Debug|Any CPU
		{CFA3E325-A3FC-4A7F-AD89-7EBFCC52A720}.Release|Any CPU.ActiveCfg = Release|Any CPU
		{CFA3E325-A3FC-4A7F-AD89-7EBFCC52A720}.Release|Any CPU.Build.0 = Release|Any CPU
	EndGlobalSection
	GlobalSection(SolutionProperties) = preSolution
		HideSolutionNode = FALSE
	EndGlobalSection
	GlobalSection(ExtensibilityGlobals) = postSolution
		SolutionGuid = {5043B7BC-6494-4E81-82AC-43C3DE6984BA}
	EndGlobalSection
EndGlobal
